// !$*UTF8*$!
{
	archiveVersion = 1;
	classes = {
	};
	objectVersion = 51;
	objects = {

/* Begin PBXBuildFile section */
		210105B92434D6FE00F9135E /* AppDelegate.swift in Sources */ = {isa = PBXBuildFile; fileRef = 210105B82434D6FE00F9135E /* AppDelegate.swift */; };
		210105BB2434D6FE00F9135E /* SceneDelegate.swift in Sources */ = {isa = PBXBuildFile; fileRef = 210105BA2434D6FE00F9135E /* SceneDelegate.swift */; };
		210105C02434D6FE00F9135E /* Main.storyboard in Resources */ = {isa = PBXBuildFile; fileRef = 210105BE2434D6FE00F9135E /* Main.storyboard */; };
		210105C22434D6FF00F9135E /* Assets.xcassets in Resources */ = {isa = PBXBuildFile; fileRef = 210105C12434D6FF00F9135E /* Assets.xcassets */; };
		210105C52434D6FF00F9135E /* LaunchScreen.storyboard in Resources */ = {isa = PBXBuildFile; fileRef = 210105C32434D6FF00F9135E /* LaunchScreen.storyboard */; };
		21038C192475500E00D79668 /* SectionHeaderView.swift in Sources */ = {isa = PBXBuildFile; fileRef = 21038C182475500E00D79668 /* SectionHeaderView.swift */; };
		21038C1B2475512B00D79668 /* SectionHeaderView.xib in Resources */ = {isa = PBXBuildFile; fileRef = 21038C1A2475512B00D79668 /* SectionHeaderView.xib */; };
		21038C1E247552B200D79668 /* TableViewCell.swift in Sources */ = {isa = PBXBuildFile; fileRef = 21038C1C247552B200D79668 /* TableViewCell.swift */; };
		21038C1F247552B200D79668 /* TableViewCell.xib in Resources */ = {isa = PBXBuildFile; fileRef = 21038C1D247552B200D79668 /* TableViewCell.xib */; };
		21038C22247553CC00D79668 /* TableViewCell2.swift in Sources */ = {isa = PBXBuildFile; fileRef = 21038C20247553CC00D79668 /* TableViewCell2.swift */; };
		21038C23247553CC00D79668 /* TableViewCell2.xib in Resources */ = {isa = PBXBuildFile; fileRef = 21038C21247553CC00D79668 /* TableViewCell2.xib */; };
		210DDBB724CA797200A16F15 /* RealmData.swift in Sources */ = {isa = PBXBuildFile; fileRef = 210DDBB624CA797200A16F15 /* RealmData.swift */; };
		210DDBB924CB1A7800A16F15 /* ViewController.swift in Sources */ = {isa = PBXBuildFile; fileRef = 210DDBB824CB1A7800A16F15 /* ViewController.swift */; };
		2141A0FB2456D5120006BDF7 /* TableViewController.swift in Sources */ = {isa = PBXBuildFile; fileRef = 2141A0FA2456D5120006BDF7 /* TableViewController.swift */; };
		21A7F81224EB9A320064622B /* GlobalVariable.swift in Sources */ = {isa = PBXBuildFile; fileRef = 21A7F81124EB9A320064622B /* GlobalVariable.swift */; };
		21AD7A7024EE6BF800FF28B3 /* GoogleService-Info.plist in Resources */ = {isa = PBXBuildFile; fileRef = 21AD7A6F24EE6BF700FF28B3 /* GoogleService-Info.plist */; };
		98F58D20AB6E0146E1C2C12D /* Pods_TodoList.framework in Frameworks */ = {isa = PBXBuildFile; fileRef = 9875204A98DCCC0B970DBDE5 /* Pods_TodoList.framework */; };
/* End PBXBuildFile section */

/* Begin PBXFileReference section */
		19526F320F2705711D31862B /* Pods-TodoList.debug.xcconfig */ = {isa = PBXFileReference; includeInIndex = 1; lastKnownFileType = text.xcconfig; name = "Pods-TodoList.debug.xcconfig"; path = "Target Support Files/Pods-TodoList/Pods-TodoList.debug.xcconfig"; sourceTree = "<group>"; };
		210105B52434D6FE00F9135E /* TodoList.app */ = {isa = PBXFileReference; explicitFileType = wrapper.application; includeInIndex = 0; path = TodoList.app; sourceTree = BUILT_PRODUCTS_DIR; };
		210105B82434D6FE00F9135E /* AppDelegate.swift */ = {isa = PBXFileReference; lastKnownFileType = sourcecode.swift; path = AppDelegate.swift; sourceTree = "<group>"; };
		210105BA2434D6FE00F9135E /* SceneDelegate.swift */ = {isa = PBXFileReference; lastKnownFileType = sourcecode.swift; path = SceneDelegate.swift; sourceTree = "<group>"; };
		210105BF2434D6FE00F9135E /* Base */ = {isa = PBXFileReference; lastKnownFileType = file.storyboard; name = Base; path = Base.lproj/Main.storyboard; sourceTree = "<group>"; };
		210105C12434D6FF00F9135E /* Assets.xcassets */ = {isa = PBXFileReference; lastKnownFileType = folder.assetcatalog; path = Assets.xcassets; sourceTree = "<group>"; };
		210105C42434D6FF00F9135E /* Base */ = {isa = PBXFileReference; lastKnownFileType = file.storyboard; name = Base; path = Base.lproj/LaunchScreen.storyboard; sourceTree = "<group>"; };
		210105C62434D6FF00F9135E /* Info.plist */ = {isa = PBXFileReference; lastKnownFileType = text.plist.xml; path = Info.plist; sourceTree = "<group>"; };
		21038C182475500E00D79668 /* SectionHeaderView.swift */ = {isa = PBXFileReference; lastKnownFileType = sourcecode.swift; path = SectionHeaderView.swift; sourceTree = "<group>"; };
		21038C1A2475512B00D79668 /* SectionHeaderView.xib */ = {isa = PBXFileReference; lastKnownFileType = file.xib; path = SectionHeaderView.xib; sourceTree = "<group>"; };
		21038C1C247552B200D79668 /* TableViewCell.swift */ = {isa = PBXFileReference; lastKnownFileType = sourcecode.swift; path = TableViewCell.swift; sourceTree = "<group>"; };
		21038C1D247552B200D79668 /* TableViewCell.xib */ = {isa = PBXFileReference; lastKnownFileType = file.xib; path = TableViewCell.xib; sourceTree = "<group>"; };
		21038C20247553CC00D79668 /* TableViewCell2.swift */ = {isa = PBXFileReference; lastKnownFileType = sourcecode.swift; path = TableViewCell2.swift; sourceTree = "<group>"; };
		21038C21247553CC00D79668 /* TableViewCell2.xib */ = {isa = PBXFileReference; lastKnownFileType = file.xib; path = TableViewCell2.xib; sourceTree = "<group>"; };
		210DDBB624CA797200A16F15 /* RealmData.swift */ = {isa = PBXFileReference; lastKnownFileType = sourcecode.swift; path = RealmData.swift; sourceTree = "<group>"; };
		210DDBB824CB1A7800A16F15 /* ViewController.swift */ = {isa = PBXFileReference; lastKnownFileType = sourcecode.swift; path = ViewController.swift; sourceTree = "<group>"; };
		2141A0FA2456D5120006BDF7 /* TableViewController.swift */ = {isa = PBXFileReference; lastKnownFileType = sourcecode.swift; path = TableViewController.swift; sourceTree = "<group>"; };
		21A7F81124EB9A320064622B /* GlobalVariable.swift */ = {isa = PBXFileReference; lastKnownFileType = sourcecode.swift; path = GlobalVariable.swift; sourceTree = "<group>"; };
		21AD7A6F24EE6BF700FF28B3 /* GoogleService-Info.plist */ = {isa = PBXFileReference; fileEncoding = 4; lastKnownFileType = text.plist.xml; name = "GoogleService-Info.plist"; path = "../../../../Downloads/GoogleService-Info.plist"; sourceTree = "<group>"; };
		9875204A98DCCC0B970DBDE5 /* Pods_TodoList.framework */ = {isa = PBXFileReference; explicitFileType = wrapper.framework; includeInIndex = 0; path = Pods_TodoList.framework; sourceTree = BUILT_PRODUCTS_DIR; };
		ED44A700352E4B46306A6D90 /* Pods-TodoList.release.xcconfig */ = {isa = PBXFileReference; includeInIndex = 1; lastKnownFileType = text.xcconfig; name = "Pods-TodoList.release.xcconfig"; path = "Target Support Files/Pods-TodoList/Pods-TodoList.release.xcconfig"; sourceTree = "<group>"; };
/* End PBXFileReference section */

/* Begin PBXFrameworksBuildPhase section */
		210105B22434D6FE00F9135E /* Frameworks */ = {
			isa = PBXFrameworksBuildPhase;
			buildActionMask = 2147483647;
			files = (
				98F58D20AB6E0146E1C2C12D /* Pods_TodoList.framework in Frameworks */,
			);
			runOnlyForDeploymentPostprocessing = 0;
		};
/* End PBXFrameworksBuildPhase section */

/* Begin PBXGroup section */
		210105AC2434D6FE00F9135E = {
			isa = PBXGroup;
			children = (
				210105B72434D6FE00F9135E /* TodoList */,
				210105B62434D6FE00F9135E /* Products */,
				DF3ABF84AB99DB6D06AC0D92 /* Pods */,
				D20F7FDF760A982D522B7E0D /* Frameworks */,
			);
			sourceTree = "<group>";
		};
		210105B62434D6FE00F9135E /* Products */ = {
			isa = PBXGroup;
			children = (
				210105B52434D6FE00F9135E /* TodoList.app */,
			);
			name = Products;
			sourceTree = "<group>";
		};
		210105B72434D6FE00F9135E /* TodoList */ = {
			isa = PBXGroup;
			children = (
				210105B82434D6FE00F9135E /* AppDelegate.swift */,
				210105BA2434D6FE00F9135E /* SceneDelegate.swift */,
				21A7F81124EB9A320064622B /* GlobalVariable.swift */,
				210DDBB624CA797200A16F15 /* RealmData.swift */,
				2141A0FA2456D5120006BDF7 /* TableViewController.swift */,
				210DDBB824CB1A7800A16F15 /* ViewController.swift */,
				21038C182475500E00D79668 /* SectionHeaderView.swift */,
				21038C1A2475512B00D79668 /* SectionHeaderView.xib */,
				21038C1C247552B200D79668 /* TableViewCell.swift */,
				21038C1D247552B200D79668 /* TableViewCell.xib */,
				21038C20247553CC00D79668 /* TableViewCell2.swift */,
				21038C21247553CC00D79668 /* TableViewCell2.xib */,
				210105BE2434D6FE00F9135E /* Main.storyboard */,
				210105C12434D6FF00F9135E /* Assets.xcassets */,
				210105C32434D6FF00F9135E /* LaunchScreen.storyboard */,
				210105C62434D6FF00F9135E /* Info.plist */,
				21AD7A6F24EE6BF700FF28B3 /* GoogleService-Info.plist */,
			);
			path = TodoList;
			sourceTree = "<group>";
		};
		D20F7FDF760A982D522B7E0D /* Frameworks */ = {
			isa = PBXGroup;
			children = (
				9875204A98DCCC0B970DBDE5 /* Pods_TodoList.framework */,
			);
			name = Frameworks;
			sourceTree = "<group>";
		};
		DF3ABF84AB99DB6D06AC0D92 /* Pods */ = {
			isa = PBXGroup;
			children = (
				19526F320F2705711D31862B /* Pods-TodoList.debug.xcconfig */,
				ED44A700352E4B46306A6D90 /* Pods-TodoList.release.xcconfig */,
			);
			path = Pods;
			sourceTree = "<group>";
		};
/* End PBXGroup section */

/* Begin PBXNativeTarget section */
		210105B42434D6FE00F9135E /* TodoList */ = {
			isa = PBXNativeTarget;
			buildConfigurationList = 210105C92434D6FF00F9135E /* Build configuration list for PBXNativeTarget "TodoList" */;
			buildPhases = (
				C82BFDE0901AD61B7C461F10 /* [CP] Check Pods Manifest.lock */,
				210105B12434D6FE00F9135E /* Sources */,
				210105B22434D6FE00F9135E /* Frameworks */,
				210105B32434D6FE00F9135E /* Resources */,
				B718442936652AAF36B6C849 /* [CP] Embed Pods Frameworks */,
			);
			buildRules = (
			);
			dependencies = (
			);
			name = TodoList;
			productName = TodoList;
			productReference = 210105B52434D6FE00F9135E /* TodoList.app */;
			productType = "com.apple.product-type.application";
		};
/* End PBXNativeTarget section */

/* Begin PBXProject section */
		210105AD2434D6FE00F9135E /* Project object */ = {
			isa = PBXProject;
			attributes = {
				LastSwiftUpdateCheck = 1130;
				LastUpgradeCheck = 1130;
				ORGANIZATIONNAME = "Swift-Biginners";
				TargetAttributes = {
					210105B42434D6FE00F9135E = {
						CreatedOnToolsVersion = 11.3.1;
					};
				};
			};
			buildConfigurationList = 210105B02434D6FE00F9135E /* Build configuration list for PBXProject "TodoList" */;
			compatibilityVersion = "Xcode 9.3";
			developmentRegion = en;
			hasScannedForEncodings = 0;
			knownRegions = (
				en,
				Base,
			);
			mainGroup = 210105AC2434D6FE00F9135E;
			productRefGroup = 210105B62434D6FE00F9135E /* Products */;
			projectDirPath = "";
			projectRoot = "";
			targets = (
				210105B42434D6FE00F9135E /* TodoList */,
			);
		};
/* End PBXProject section */

/* Begin PBXResourcesBuildPhase section */
		210105B32434D6FE00F9135E /* Resources */ = {
			isa = PBXResourcesBuildPhase;
			buildActionMask = 2147483647;
			files = (
				210105C52434D6FF00F9135E /* LaunchScreen.storyboard in Resources */,
				21038C1F247552B200D79668 /* TableViewCell.xib in Resources */,
				210105C22434D6FF00F9135E /* Assets.xcassets in Resources */,
				210105C02434D6FE00F9135E /* Main.storyboard in Resources */,
				21038C23247553CC00D79668 /* TableViewCell2.xib in Resources */,
				21038C1B2475512B00D79668 /* SectionHeaderView.xib in Resources */,
				21AD7A7024EE6BF800FF28B3 /* GoogleService-Info.plist in Resources */,
			);
			runOnlyForDeploymentPostprocessing = 0;
		};
/* End PBXResourcesBuildPhase section */

/* Begin PBXShellScriptBuildPhase section */
		B718442936652AAF36B6C849 /* [CP] Embed Pods Frameworks */ = {
			isa = PBXShellScriptBuildPhase;
			buildActionMask = 2147483647;
			files = (
			);
			inputFileListPaths = (
				"${PODS_ROOT}/Target Support Files/Pods-TodoList/Pods-TodoList-frameworks-${CONFIGURATION}-input-files.xcfilelist",
			);
			name = "[CP] Embed Pods Frameworks";
			outputFileListPaths = (
				"${PODS_ROOT}/Target Support Files/Pods-TodoList/Pods-TodoList-frameworks-${CONFIGURATION}-output-files.xcfilelist",
			);
			runOnlyForDeploymentPostprocessing = 0;
			shellPath = /bin/sh;
			shellScript = "\"${PODS_ROOT}/Target Support Files/Pods-TodoList/Pods-TodoList-frameworks.sh\"\n";
			showEnvVarsInLog = 0;
		};
		C82BFDE0901AD61B7C461F10 /* [CP] Check Pods Manifest.lock */ = {
			isa = PBXShellScriptBuildPhase;
			buildActionMask = 2147483647;
			files = (
			);
			inputFileListPaths = (
			);
			inputPaths = (
				"${PODS_PODFILE_DIR_PATH}/Podfile.lock",
				"${PODS_ROOT}/Manifest.lock",
			);
			name = "[CP] Check Pods Manifest.lock";
			outputFileListPaths = (
			);
			outputPaths = (
				"$(DERIVED_FILE_DIR)/Pods-TodoList-checkManifestLockResult.txt",
			);
			runOnlyForDeploymentPostprocessing = 0;
			shellPath = /bin/sh;
			shellScript = "diff \"${PODS_PODFILE_DIR_PATH}/Podfile.lock\" \"${PODS_ROOT}/Manifest.lock\" > /dev/null\nif [ $? != 0 ] ; then\n    # print error to STDERR\n    echo \"error: The sandbox is not in sync with the Podfile.lock. Run 'pod install' or update your CocoaPods installation.\" >&2\n    exit 1\nfi\n# This output is used by Xcode 'outputs' to avoid re-running this script phase.\necho \"SUCCESS\" > \"${SCRIPT_OUTPUT_FILE_0}\"\n";
			showEnvVarsInLog = 0;
		};
/* End PBXShellScriptBuildPhase section */

/* Begin PBXSourcesBuildPhase section */
		210105B12434D6FE00F9135E /* Sources */ = {
			isa = PBXSourcesBuildPhase;
			buildActionMask = 2147483647;
			files = (
				21038C22247553CC00D79668 /* TableViewCell2.swift in Sources */,
				21038C1E247552B200D79668 /* TableViewCell.swift in Sources */,
				210105B92434D6FE00F9135E /* AppDelegate.swift in Sources */,
				2141A0FB2456D5120006BDF7 /* TableViewController.swift in Sources */,
				210105BB2434D6FE00F9135E /* SceneDelegate.swift in Sources */,
				210DDBB724CA797200A16F15 /* RealmData.swift in Sources */,
				210DDBB924CB1A7800A16F15 /* ViewController.swift in Sources */,
				21038C192475500E00D79668 /* SectionHeaderView.swift in Sources */,
				21A7F81224EB9A320064622B /* GlobalVariable.swift in Sources */,
			);
			runOnlyForDeploymentPostprocessing = 0;
		};
/* End PBXSourcesBuildPhase section */

/* Begin PBXVariantGroup section */
		210105BE2434D6FE00F9135E /* Main.storyboard */ = {
			isa = PBXVariantGroup;
			children = (
				210105BF2434D6FE00F9135E /* Base */,
			);
			name = Main.storyboard;
			sourceTree = "<group>";
		};
		210105C32434D6FF00F9135E /* LaunchScreen.storyboard */ = {
			isa = PBXVariantGroup;
			children = (
				210105C42434D6FF00F9135E /* Base */,
			);
			name = LaunchScreen.storyboard;
			sourceTree = "<group>";
		};
/* End PBXVariantGroup section */

/* Begin XCBuildConfiguration section */
		210105C72434D6FF00F9135E /* Debug */ = {
			isa = XCBuildConfiguration;
			buildSettings = {
				ALWAYS_SEARCH_USER_PATHS = NO;
				CLANG_ANALYZER_NONNULL = YES;
				CLANG_ANALYZER_NUMBER_OBJECT_CONVERSION = YES_AGGRESSIVE;
				CLANG_CXX_LANGUAGE_STANDARD = "gnu++14";
				CLANG_CXX_LIBRARY = "libc++";
				CLANG_ENABLE_MODULES = YES;
				CLANG_ENABLE_OBJC_ARC = YES;
				CLANG_ENABLE_OBJC_WEAK = YES;
				CLANG_WARN_BLOCK_CAPTURE_AUTORELEASING = YES;
				CLANG_WARN_BOOL_CONVERSION = YES;
				CLANG_WARN_COMMA = YES;
				CLANG_WARN_CONSTANT_CONVERSION = YES;
				CLANG_WARN_DEPRECATED_OBJC_IMPLEMENTATIONS = YES;
				CLANG_WARN_DIRECT_OBJC_ISA_USAGE = YES_ERROR;
				CLANG_WARN_DOCUMENTATION_COMMENTS = YES;
				CLANG_WARN_EMPTY_BODY = YES;
				CLANG_WARN_ENUM_CONVERSION = YES;
				CLANG_WARN_INFINITE_RECURSION = YES;
				CLANG_WARN_INT_CONVERSION = YES;
				CLANG_WARN_NON_LITERAL_NULL_CONVERSION = YES;
				CLANG_WARN_OBJC_IMPLICIT_RETAIN_SELF = YES;
				CLANG_WARN_OBJC_LITERAL_CONVERSION = YES;
				CLANG_WARN_OBJC_ROOT_CLASS = YES_ERROR;
				CLANG_WARN_RANGE_LOOP_ANALYSIS = YES;
				CLANG_WARN_STRICT_PROTOTYPES = YES;
				CLANG_WARN_SUSPICIOUS_MOVE = YES;
				CLANG_WARN_UNGUARDED_AVAILABILITY = YES_AGGRESSIVE;
				CLANG_WARN_UNREACHABLE_CODE = YES;
				CLANG_WARN__DUPLICATE_METHOD_MATCH = YES;
				COPY_PHASE_STRIP = NO;
				DEBUG_INFORMATION_FORMAT = dwarf;
				ENABLE_STRICT_OBJC_MSGSEND = YES;
				ENABLE_TESTABILITY = YES;
				GCC_C_LANGUAGE_STANDARD = gnu11;
				GCC_DYNAMIC_NO_PIC = NO;
				GCC_NO_COMMON_BLOCKS = YES;
				GCC_OPTIMIZATION_LEVEL = 0;
				GCC_PREPROCESSOR_DEFINITIONS = (
					"DEBUG=1",
					"$(inherited)",
				);
				GCC_WARN_64_TO_32_BIT_CONVERSION = YES;
				GCC_WARN_ABOUT_RETURN_TYPE = YES_ERROR;
				GCC_WARN_UNDECLARED_SELECTOR = YES;
				GCC_WARN_UNINITIALIZED_AUTOS = YES_AGGRESSIVE;
				GCC_WARN_UNUSED_FUNCTION = YES;
				GCC_WARN_UNUSED_VARIABLE = YES;
				IPHONEOS_DEPLOYMENT_TARGET = 13.2;
				MTL_ENABLE_DEBUG_INFO = INCLUDE_SOURCE;
				MTL_FAST_MATH = YES;
				ONLY_ACTIVE_ARCH = YES;
				SDKROOT = iphoneos;
				SWIFT_ACTIVE_COMPILATION_CONDITIONS = DEBUG;
				SWIFT_OPTIMIZATION_LEVEL = "-Onone";
			};
			name = Debug;
		};
		210105C82434D6FF00F9135E /* Release */ = {
			isa = XCBuildConfiguration;
			buildSettings = {
				ALWAYS_SEARCH_USER_PATHS = NO;
				CLANG_ANALYZER_NONNULL = YES;
				CLANG_ANALYZER_NUMBER_OBJECT_CONVERSION = YES_AGGRESSIVE;
				CLANG_CXX_LANGUAGE_STANDARD = "gnu++14";
				CLANG_CXX_LIBRARY = "libc++";
				CLANG_ENABLE_MODULES = YES;
				CLANG_ENABLE_OBJC_ARC = YES;
				CLANG_ENABLE_OBJC_WEAK = YES;
				CLANG_WARN_BLOCK_CAPTURE_AUTORELEASING = YES;
				CLANG_WARN_BOOL_CONVERSION = YES;
				CLANG_WARN_COMMA = YES;
				CLANG_WARN_CONSTANT_CONVERSION = YES;
				CLANG_WARN_DEPRECATED_OBJC_IMPLEMENTATIONS = YES;
				CLANG_WARN_DIRECT_OBJC_ISA_USAGE = YES_ERROR;
				CLANG_WARN_DOCUMENTATION_COMMENTS = YES;
				CLANG_WARN_EMPTY_BODY = YES;
				CLANG_WARN_ENUM_CONVERSION = YES;
				CLANG_WARN_INFINITE_RECURSION = YES;
				CLANG_WARN_INT_CONVERSION = YES;
				CLANG_WARN_NON_LITERAL_NULL_CONVERSION = YES;
				CLANG_WARN_OBJC_IMPLICIT_RETAIN_SELF = YES;
				CLANG_WARN_OBJC_LITERAL_CONVERSION = YES;
				CLANG_WARN_OBJC_ROOT_CLASS = YES_ERROR;
				CLANG_WARN_RANGE_LOOP_ANALYSIS = YES;
				CLANG_WARN_STRICT_PROTOTYPES = YES;
				CLANG_WARN_SUSPICIOUS_MOVE = YES;
				CLANG_WARN_UNGUARDED_AVAILABILITY = YES_AGGRESSIVE;
				CLANG_WARN_UNREACHABLE_CODE = YES;
				CLANG_WARN__DUPLICATE_METHOD_MATCH = YES;
				COPY_PHASE_STRIP = NO;
				DEBUG_INFORMATION_FORMAT = "dwarf-with-dsym";
				ENABLE_NS_ASSERTIONS = NO;
				ENABLE_STRICT_OBJC_MSGSEND = YES;
				GCC_C_LANGUAGE_STANDARD = gnu11;
				GCC_NO_COMMON_BLOCKS = YES;
				GCC_WARN_64_TO_32_BIT_CONVERSION = YES;
				GCC_WARN_ABOUT_RETURN_TYPE = YES_ERROR;
				GCC_WARN_UNDECLARED_SELECTOR = YES;
				GCC_WARN_UNINITIALIZED_AUTOS = YES_AGGRESSIVE;
				GCC_WARN_UNUSED_FUNCTION = YES;
				GCC_WARN_UNUSED_VARIABLE = YES;
				IPHONEOS_DEPLOYMENT_TARGET = 13.2;
				MTL_ENABLE_DEBUG_INFO = NO;
				MTL_FAST_MATH = YES;
				SDKROOT = iphoneos;
				SWIFT_COMPILATION_MODE = wholemodule;
				SWIFT_OPTIMIZATION_LEVEL = "-O";
				VALIDATE_PRODUCT = YES;
			};
			name = Release;
		};
		210105CA2434D6FF00F9135E /* Debug */ = {
			isa = XCBuildConfiguration;
			baseConfigurationReference = 19526F320F2705711D31862B /* Pods-TodoList.debug.xcconfig */;
			buildSettings = {
				ASSETCATALOG_COMPILER_APPICON_NAME = AppIcon;
				CODE_SIGN_STYLE = Automatic;
				DEVELOPMENT_TEAM = NGN4CC69K2;
				INFOPLIST_FILE = TodoList/Info.plist;
				LD_RUNPATH_SEARCH_PATHS = (
					"$(inherited)",
					"@executable_path/Frameworks",
				);
				PRODUCT_BUNDLE_IDENTIFIER = jp.softbank.i.fnrg562z.TodoList;
				PRODUCT_NAME = "$(TARGET_NAME)";
				SWIFT_VERSION = 5.0;
				TARGETED_DEVICE_FAMILY = "1,2";
			};
			name = Debug;
		};
		210105CB2434D6FF00F9135E /* Release */ = {
			isa = XCBuildConfiguration;
			baseConfigurationReference = ED44A700352E4B46306A6D90 /* Pods-TodoList.release.xcconfig */;
			buildSettings = {
				ASSETCATALOG_COMPILER_APPICON_NAME = AppIcon;
				CODE_SIGN_STYLE = Automatic;
				DEVELOPMENT_TEAM = NGN4CC69K2;
				INFOPLIST_FILE = TodoList/Info.plist;
				LD_RUNPATH_SEARCH_PATHS = (
					"$(inherited)",
					"@executable_path/Frameworks",
				);
				PRODUCT_BUNDLE_IDENTIFIER = jp.softbank.i.fnrg562z.TodoList;
				PRODUCT_NAME = "$(TARGET_NAME)";
				SWIFT_VERSION = 5.0;
				TARGETED_DEVICE_FAMILY = "1,2";
			};
			name = Release;
		};
/* End XCBuildConfiguration section */

/* Begin XCConfigurationList section */
		210105B02434D6FE00F9135E /* Build configuration list for PBXProject "TodoList" */ = {
			isa = XCConfigurationList;
			buildConfigurations = (
				210105C72434D6FF00F9135E /* Debug */,
				210105C82434D6FF00F9135E /* Release */,
			);
			defaultConfigurationIsVisible = 0;
			defaultConfigurationName = Release;
		};
		210105C92434D6FF00F9135E /* Build configuration list for PBXNativeTarget "TodoList" */ = {
			isa = XCConfigurationList;
			buildConfigurations = (
				210105CA2434D6FF00F9135E /* Debug */,
				210105CB2434D6FF00F9135E /* Release */,
			);
			defaultConfigurationIsVisible = 0;
			defaultConfigurationName = Release;
		};
/* End XCConfigurationList section */
	};
	rootObject = 210105AD2434D6FE00F9135E /* Project object */;
}
